// !$*UTF8*$!
{
	archiveVersion = 1;
	classes = {
	};
	objectVersion = 50;
	objects = {

/* Begin PBXBuildFile section */
		8C4052B32473500B005C0F5C /* EnterpriseTableViewCell.swift in Sources */ = {isa = PBXBuildFile; fileRef = 8C4052B22473500B005C0F5C /* EnterpriseTableViewCell.swift */; };
		8C4E65B12472EEF500AF0052 /* KeychainHelper.swift in Sources */ = {isa = PBXBuildFile; fileRef = 8C4E65B02472EEF500AF0052 /* KeychainHelper.swift */; };
		8C4E65B82473000A00AF0052 /* HomePresenter.swift in Sources */ = {isa = PBXBuildFile; fileRef = 8C4E65B22473000A00AF0052 /* HomePresenter.swift */; };
		8C4E65B92473000A00AF0052 /* HomeWorker.swift in Sources */ = {isa = PBXBuildFile; fileRef = 8C4E65B32473000A00AF0052 /* HomeWorker.swift */; };
		8C4E65BA2473000A00AF0052 /* HomeRouter.swift in Sources */ = {isa = PBXBuildFile; fileRef = 8C4E65B42473000A00AF0052 /* HomeRouter.swift */; };
		8C4E65BB2473000A00AF0052 /* HomeModels.swift in Sources */ = {isa = PBXBuildFile; fileRef = 8C4E65B52473000A00AF0052 /* HomeModels.swift */; };
		8C4E65BC2473000A00AF0052 /* HomeViewController.swift in Sources */ = {isa = PBXBuildFile; fileRef = 8C4E65B62473000A00AF0052 /* HomeViewController.swift */; };
		8C4E65BD2473000A00AF0052 /* HomeInteractor.swift in Sources */ = {isa = PBXBuildFile; fileRef = 8C4E65B72473000A00AF0052 /* HomeInteractor.swift */; };
		8C4E65BF24731F8A00AF0052 /* UITextField+Extensions.swift in Sources */ = {isa = PBXBuildFile; fileRef = 8C4E65BE24731F8A00AF0052 /* UITextField+Extensions.swift */; };
		8C5F7BC0246F149300DAEEF1 /* AppDelegate.swift in Sources */ = {isa = PBXBuildFile; fileRef = 8C5F7BBF246F149300DAEEF1 /* AppDelegate.swift */; };
		8C5F7BC2246F149300DAEEF1 /* SceneDelegate.swift in Sources */ = {isa = PBXBuildFile; fileRef = 8C5F7BC1246F149300DAEEF1 /* SceneDelegate.swift */; };
		8C5F7BC4246F149300DAEEF1 /* ViewController.swift in Sources */ = {isa = PBXBuildFile; fileRef = 8C5F7BC3246F149300DAEEF1 /* ViewController.swift */; };
		8C5F7BC7246F149300DAEEF1 /* Main.storyboard in Resources */ = {isa = PBXBuildFile; fileRef = 8C5F7BC5246F149300DAEEF1 /* Main.storyboard */; };
		8C5F7BC9246F149800DAEEF1 /* Assets.xcassets in Resources */ = {isa = PBXBuildFile; fileRef = 8C5F7BC8246F149800DAEEF1 /* Assets.xcassets */; };
		8C5F7BCC246F149800DAEEF1 /* LaunchScreen.storyboard in Resources */ = {isa = PBXBuildFile; fileRef = 8C5F7BCA246F149800DAEEF1 /* LaunchScreen.storyboard */; };
		8C5F7BE024705B9200DAEEF1 /* LoginPresenter.swift in Sources */ = {isa = PBXBuildFile; fileRef = 8C5F7BDA24705B9200DAEEF1 /* LoginPresenter.swift */; };
		8C5F7BE124705B9200DAEEF1 /* LoginWorker.swift in Sources */ = {isa = PBXBuildFile; fileRef = 8C5F7BDB24705B9200DAEEF1 /* LoginWorker.swift */; };
		8C5F7BE224705B9200DAEEF1 /* LoginRouter.swift in Sources */ = {isa = PBXBuildFile; fileRef = 8C5F7BDC24705B9200DAEEF1 /* LoginRouter.swift */; };
		8C5F7BE324705B9200DAEEF1 /* LoginModels.swift in Sources */ = {isa = PBXBuildFile; fileRef = 8C5F7BDD24705B9200DAEEF1 /* LoginModels.swift */; };
		8C5F7BE424705B9200DAEEF1 /* LoginViewController.swift in Sources */ = {isa = PBXBuildFile; fileRef = 8C5F7BDE24705B9200DAEEF1 /* LoginViewController.swift */; };
		8C5F7BE524705B9200DAEEF1 /* LoginInteractor.swift in Sources */ = {isa = PBXBuildFile; fileRef = 8C5F7BDF24705B9200DAEEF1 /* LoginInteractor.swift */; };
		8C5F7BE724706A8500DAEEF1 /* UILabel+Extension.swift in Sources */ = {isa = PBXBuildFile; fileRef = 8C5F7BE624706A8500DAEEF1 /* UILabel+Extension.swift */; };
		8C5F7BE924706AAC00DAEEF1 /* UIView+Extension.swift in Sources */ = {isa = PBXBuildFile; fileRef = 8C5F7BE824706AAC00DAEEF1 /* UIView+Extension.swift */; };
		8C6FE2D12471C4A600645A32 /* Networking.swift in Sources */ = {isa = PBXBuildFile; fileRef = 8C6FE2D02471C4A600645A32 /* Networking.swift */; };
		8C6FE2D32471C52A00645A32 /* Endpoints.swift in Sources */ = {isa = PBXBuildFile; fileRef = 8C6FE2D22471C52A00645A32 /* Endpoints.swift */; };
		8C6FE2D52471C5CA00645A32 /* LoginResponse.swift in Sources */ = {isa = PBXBuildFile; fileRef = 8C6FE2D42471C5CA00645A32 /* LoginResponse.swift */; };
		8CB41F31247334F500B80B15 /* Enterprise.swift in Sources */ = {isa = PBXBuildFile; fileRef = 8CB41F30247334F500B80B15 /* Enterprise.swift */; };
/* End PBXBuildFile section */

/* Begin PBXFileReference section */
		8C4052B22473500B005C0F5C /* EnterpriseTableViewCell.swift */ = {isa = PBXFileReference; lastKnownFileType = sourcecode.swift; path = EnterpriseTableViewCell.swift; sourceTree = "<group>"; };
		8C4E65B02472EEF500AF0052 /* KeychainHelper.swift */ = {isa = PBXFileReference; lastKnownFileType = sourcecode.swift; path = KeychainHelper.swift; sourceTree = "<group>"; };
		8C4E65B22473000A00AF0052 /* HomePresenter.swift */ = {isa = PBXFileReference; lastKnownFileType = sourcecode.swift; path = HomePresenter.swift; sourceTree = "<group>"; };
		8C4E65B32473000A00AF0052 /* HomeWorker.swift */ = {isa = PBXFileReference; lastKnownFileType = sourcecode.swift; path = HomeWorker.swift; sourceTree = "<group>"; };
		8C4E65B42473000A00AF0052 /* HomeRouter.swift */ = {isa = PBXFileReference; lastKnownFileType = sourcecode.swift; path = HomeRouter.swift; sourceTree = "<group>"; };
		8C4E65B52473000A00AF0052 /* HomeModels.swift */ = {isa = PBXFileReference; lastKnownFileType = sourcecode.swift; path = HomeModels.swift; sourceTree = "<group>"; };
		8C4E65B62473000A00AF0052 /* HomeViewController.swift */ = {isa = PBXFileReference; lastKnownFileType = sourcecode.swift; path = HomeViewController.swift; sourceTree = "<group>"; };
		8C4E65B72473000A00AF0052 /* HomeInteractor.swift */ = {isa = PBXFileReference; lastKnownFileType = sourcecode.swift; path = HomeInteractor.swift; sourceTree = "<group>"; };
		8C4E65BE24731F8A00AF0052 /* UITextField+Extensions.swift */ = {isa = PBXFileReference; lastKnownFileType = sourcecode.swift; path = "UITextField+Extensions.swift"; sourceTree = "<group>"; };
		8C5F7BBC246F149300DAEEF1 /* empresas.app */ = {isa = PBXFileReference; explicitFileType = wrapper.application; includeInIndex = 0; path = empresas.app; sourceTree = BUILT_PRODUCTS_DIR; };
		8C5F7BBF246F149300DAEEF1 /* AppDelegate.swift */ = {isa = PBXFileReference; lastKnownFileType = sourcecode.swift; path = AppDelegate.swift; sourceTree = "<group>"; };
		8C5F7BC1246F149300DAEEF1 /* SceneDelegate.swift */ = {isa = PBXFileReference; lastKnownFileType = sourcecode.swift; path = SceneDelegate.swift; sourceTree = "<group>"; };
		8C5F7BC3246F149300DAEEF1 /* ViewController.swift */ = {isa = PBXFileReference; lastKnownFileType = sourcecode.swift; path = ViewController.swift; sourceTree = "<group>"; };
		8C5F7BC6246F149300DAEEF1 /* Base */ = {isa = PBXFileReference; lastKnownFileType = file.storyboard; name = Base; path = Base.lproj/Main.storyboard; sourceTree = "<group>"; };
		8C5F7BC8246F149800DAEEF1 /* Assets.xcassets */ = {isa = PBXFileReference; lastKnownFileType = folder.assetcatalog; path = Assets.xcassets; sourceTree = "<group>"; };
		8C5F7BCB246F149800DAEEF1 /* Base */ = {isa = PBXFileReference; lastKnownFileType = file.storyboard; name = Base; path = Base.lproj/LaunchScreen.storyboard; sourceTree = "<group>"; };
		8C5F7BCD246F149800DAEEF1 /* Info.plist */ = {isa = PBXFileReference; lastKnownFileType = text.plist.xml; path = Info.plist; sourceTree = "<group>"; };
		8C5F7BDA24705B9200DAEEF1 /* LoginPresenter.swift */ = {isa = PBXFileReference; lastKnownFileType = sourcecode.swift; path = LoginPresenter.swift; sourceTree = "<group>"; };
		8C5F7BDB24705B9200DAEEF1 /* LoginWorker.swift */ = {isa = PBXFileReference; lastKnownFileType = sourcecode.swift; path = LoginWorker.swift; sourceTree = "<group>"; };
		8C5F7BDC24705B9200DAEEF1 /* LoginRouter.swift */ = {isa = PBXFileReference; lastKnownFileType = sourcecode.swift; path = LoginRouter.swift; sourceTree = "<group>"; };
		8C5F7BDD24705B9200DAEEF1 /* LoginModels.swift */ = {isa = PBXFileReference; lastKnownFileType = sourcecode.swift; path = LoginModels.swift; sourceTree = "<group>"; };
		8C5F7BDE24705B9200DAEEF1 /* LoginViewController.swift */ = {isa = PBXFileReference; lastKnownFileType = sourcecode.swift; path = LoginViewController.swift; sourceTree = "<group>"; };
		8C5F7BDF24705B9200DAEEF1 /* LoginInteractor.swift */ = {isa = PBXFileReference; lastKnownFileType = sourcecode.swift; path = LoginInteractor.swift; sourceTree = "<group>"; };
		8C5F7BE624706A8500DAEEF1 /* UILabel+Extension.swift */ = {isa = PBXFileReference; lastKnownFileType = sourcecode.swift; path = "UILabel+Extension.swift"; sourceTree = "<group>"; };
		8C5F7BE824706AAC00DAEEF1 /* UIView+Extension.swift */ = {isa = PBXFileReference; lastKnownFileType = sourcecode.swift; path = "UIView+Extension.swift"; sourceTree = "<group>"; };
		8C6FE2D02471C4A600645A32 /* Networking.swift */ = {isa = PBXFileReference; lastKnownFileType = sourcecode.swift; path = Networking.swift; sourceTree = "<group>"; };
		8C6FE2D22471C52A00645A32 /* Endpoints.swift */ = {isa = PBXFileReference; lastKnownFileType = sourcecode.swift; path = Endpoints.swift; sourceTree = "<group>"; };
		8C6FE2D42471C5CA00645A32 /* LoginResponse.swift */ = {isa = PBXFileReference; lastKnownFileType = sourcecode.swift; path = LoginResponse.swift; sourceTree = "<group>"; };
		8CB41F30247334F500B80B15 /* Enterprise.swift */ = {isa = PBXFileReference; lastKnownFileType = sourcecode.swift; path = Enterprise.swift; sourceTree = "<group>"; };
/* End PBXFileReference section */

/* Begin PBXFrameworksBuildPhase section */
		8C5F7BB9246F149300DAEEF1 /* Frameworks */ = {
			isa = PBXFrameworksBuildPhase;
			buildActionMask = 2147483647;
			files = (
			);
			runOnlyForDeploymentPostprocessing = 0;
		};
/* End PBXFrameworksBuildPhase section */

/* Begin PBXGroup section */
		8C5F7BB3246F149300DAEEF1 = {
			isa = PBXGroup;
			children = (
				8C5F7BBE246F149300DAEEF1 /* empresas */,
				8C5F7BBD246F149300DAEEF1 /* Products */,
			);
			sourceTree = "<group>";
		};
		8C5F7BBD246F149300DAEEF1 /* Products */ = {
			isa = PBXGroup;
			children = (
				8C5F7BBC246F149300DAEEF1 /* empresas.app */,
			);
			name = Products;
			sourceTree = "<group>";
		};
		8C5F7BBE246F149300DAEEF1 /* empresas */ = {
			isa = PBXGroup;
			children = (
				8C5F7BD624705A9C00DAEEF1 /* Services */,
				8C5F7BD524705A8F00DAEEF1 /* Scenes */,
				8C5F7BD424705A8700DAEEF1 /* Models */,
				8C5F7BD324705A7C00DAEEF1 /* Common */,
				8C5F7BBF246F149300DAEEF1 /* AppDelegate.swift */,
				8C5F7BC1246F149300DAEEF1 /* SceneDelegate.swift */,
				8C5F7BC3246F149300DAEEF1 /* ViewController.swift */,
				8C5F7BC5246F149300DAEEF1 /* Main.storyboard */,
				8C5F7BC8246F149800DAEEF1 /* Assets.xcassets */,
				8C5F7BCA246F149800DAEEF1 /* LaunchScreen.storyboard */,
				8C5F7BCD246F149800DAEEF1 /* Info.plist */,
			);
			path = empresas;
			sourceTree = "<group>";
		};
		8C5F7BD324705A7C00DAEEF1 /* Common */ = {
			isa = PBXGroup;
			children = (
				8C5F7BE624706A8500DAEEF1 /* UILabel+Extension.swift */,
				8C5F7BE824706AAC00DAEEF1 /* UIView+Extension.swift */,
				8C4E65BE24731F8A00AF0052 /* UITextField+Extensions.swift */,
			);
			path = Common;
			sourceTree = "<group>";
		};
		8C5F7BD424705A8700DAEEF1 /* Models */ = {
			isa = PBXGroup;
			children = (
				8C6FE2D42471C5CA00645A32 /* LoginResponse.swift */,
				8CB41F30247334F500B80B15 /* Enterprise.swift */,
			);
			path = Models;
			sourceTree = "<group>";
		};
		8C5F7BD524705A8F00DAEEF1 /* Scenes */ = {
			isa = PBXGroup;
			children = (
				8C5F7BD924705AEC00DAEEF1 /* Detail */,
				8C5F7BD824705AD400DAEEF1 /* Home */,
				8C5F7BD724705AC300DAEEF1 /* Login */,
			);
			path = Scenes;
			sourceTree = "<group>";
		};
		8C5F7BD624705A9C00DAEEF1 /* Services */ = {
			isa = PBXGroup;
			children = (
				8C6FE2D02471C4A600645A32 /* Networking.swift */,
				8C6FE2D22471C52A00645A32 /* Endpoints.swift */,
				8C4E65B02472EEF500AF0052 /* KeychainHelper.swift */,
			);
			path = Services;
			sourceTree = "<group>";
		};
		8C5F7BD724705AC300DAEEF1 /* Login */ = {
			isa = PBXGroup;
			children = (
				8C5F7BDA24705B9200DAEEF1 /* LoginPresenter.swift */,
				8C5F7BDB24705B9200DAEEF1 /* LoginWorker.swift */,
				8C5F7BDC24705B9200DAEEF1 /* LoginRouter.swift */,
				8C5F7BDD24705B9200DAEEF1 /* LoginModels.swift */,
				8C5F7BDE24705B9200DAEEF1 /* LoginViewController.swift */,
				8C5F7BDF24705B9200DAEEF1 /* LoginInteractor.swift */,
			);
			path = Login;
			sourceTree = "<group>";
		};
		8C5F7BD824705AD400DAEEF1 /* Home */ = {
			isa = PBXGroup;
			children = (
				8C4E65B22473000A00AF0052 /* HomePresenter.swift */,
				8C4E65B32473000A00AF0052 /* HomeWorker.swift */,
				8C4E65B42473000A00AF0052 /* HomeRouter.swift */,
				8C4E65B52473000A00AF0052 /* HomeModels.swift */,
				8C4E65B62473000A00AF0052 /* HomeViewController.swift */,
				8C4E65B72473000A00AF0052 /* HomeInteractor.swift */,
				8C4052B22473500B005C0F5C /* EnterpriseTableViewCell.swift */,
			);
			path = Home;
			sourceTree = "<group>";
		};
		8C5F7BD924705AEC00DAEEF1 /* Detail */ = {
			isa = PBXGroup;
			children = (
			);
			path = Detail;
			sourceTree = "<group>";
		};
/* End PBXGroup section */

/* Begin PBXNativeTarget section */
		8C5F7BBB246F149300DAEEF1 /* empresas */ = {
			isa = PBXNativeTarget;
			buildConfigurationList = 8C5F7BD0246F149800DAEEF1 /* Build configuration list for PBXNativeTarget "empresas" */;
			buildPhases = (
				8C5F7BB8246F149300DAEEF1 /* Sources */,
				8C5F7BB9246F149300DAEEF1 /* Frameworks */,
				8C5F7BBA246F149300DAEEF1 /* Resources */,
			);
			buildRules = (
			);
			dependencies = (
			);
			name = empresas;
			productName = empresas;
			productReference = 8C5F7BBC246F149300DAEEF1 /* empresas.app */;
			productType = "com.apple.product-type.application";
		};
/* End PBXNativeTarget section */

/* Begin PBXProject section */
		8C5F7BB4246F149300DAEEF1 /* Project object */ = {
			isa = PBXProject;
			attributes = {
				LastSwiftUpdateCheck = 1110;
				LastUpgradeCheck = 1110;
				ORGANIZATIONNAME = "Gustavo Chaves";
				TargetAttributes = {
					8C5F7BBB246F149300DAEEF1 = {
						CreatedOnToolsVersion = 11.1;
					};
				};
			};
			buildConfigurationList = 8C5F7BB7246F149300DAEEF1 /* Build configuration list for PBXProject "empresas" */;
			compatibilityVersion = "Xcode 9.3";
			developmentRegion = en;
			hasScannedForEncodings = 0;
			knownRegions = (
				en,
				Base,
			);
			mainGroup = 8C5F7BB3246F149300DAEEF1;
			productRefGroup = 8C5F7BBD246F149300DAEEF1 /* Products */;
			projectDirPath = "";
			projectRoot = "";
			targets = (
				8C5F7BBB246F149300DAEEF1 /* empresas */,
			);
		};
/* End PBXProject section */

/* Begin PBXResourcesBuildPhase section */
		8C5F7BBA246F149300DAEEF1 /* Resources */ = {
			isa = PBXResourcesBuildPhase;
			buildActionMask = 2147483647;
			files = (
				8C5F7BCC246F149800DAEEF1 /* LaunchScreen.storyboard in Resources */,
				8C5F7BC9246F149800DAEEF1 /* Assets.xcassets in Resources */,
				8C5F7BC7246F149300DAEEF1 /* Main.storyboard in Resources */,
			);
			runOnlyForDeploymentPostprocessing = 0;
		};
/* End PBXResourcesBuildPhase section */

/* Begin PBXSourcesBuildPhase section */
		8C5F7BB8246F149300DAEEF1 /* Sources */ = {
			isa = PBXSourcesBuildPhase;
			buildActionMask = 2147483647;
			files = (
				8C5F7BE924706AAC00DAEEF1 /* UIView+Extension.swift in Sources */,
				8C5F7BE124705B9200DAEEF1 /* LoginWorker.swift in Sources */,
				8C6FE2D32471C52A00645A32 /* Endpoints.swift in Sources */,
				8C4E65BF24731F8A00AF0052 /* UITextField+Extensions.swift in Sources */,
				8C5F7BE024705B9200DAEEF1 /* LoginPresenter.swift in Sources */,
				8C6FE2D12471C4A600645A32 /* Networking.swift in Sources */,
				8C5F7BE724706A8500DAEEF1 /* UILabel+Extension.swift in Sources */,
				8C4E65BD2473000A00AF0052 /* HomeInteractor.swift in Sources */,
				8C4E65B92473000A00AF0052 /* HomeWorker.swift in Sources */,
				8C4E65BA2473000A00AF0052 /* HomeRouter.swift in Sources */,
				8C6FE2D52471C5CA00645A32 /* LoginResponse.swift in Sources */,
				8C5F7BE324705B9200DAEEF1 /* LoginModels.swift in Sources */,
				8C4E65BB2473000A00AF0052 /* HomeModels.swift in Sources */,
				8CB41F31247334F500B80B15 /* Enterprise.swift in Sources */,
				8C5F7BE224705B9200DAEEF1 /* LoginRouter.swift in Sources */,
				8C5F7BE424705B9200DAEEF1 /* LoginViewController.swift in Sources */,
				8C5F7BC4246F149300DAEEF1 /* ViewController.swift in Sources */,
				8C5F7BC0246F149300DAEEF1 /* AppDelegate.swift in Sources */,
				8C4E65BC2473000A00AF0052 /* HomeViewController.swift in Sources */,
				8C5F7BC2246F149300DAEEF1 /* SceneDelegate.swift in Sources */,
				8C4052B32473500B005C0F5C /* EnterpriseTableViewCell.swift in Sources */,
				8C4E65B12472EEF500AF0052 /* KeychainHelper.swift in Sources */,
				8C5F7BE524705B9200DAEEF1 /* LoginInteractor.swift in Sources */,
				8C4E65B82473000A00AF0052 /* HomePresenter.swift in Sources */,
			);
			runOnlyForDeploymentPostprocessing = 0;
		};
/* End PBXSourcesBuildPhase section */

/* Begin PBXVariantGroup section */
		8C5F7BC5246F149300DAEEF1 /* Main.storyboard */ = {
			isa = PBXVariantGroup;
			children = (
				8C5F7BC6246F149300DAEEF1 /* Base */,
			);
			name = Main.storyboard;
			sourceTree = "<group>";
		};
		8C5F7BCA246F149800DAEEF1 /* LaunchScreen.storyboard */ = {
			isa = PBXVariantGroup;
			children = (
				8C5F7BCB246F149800DAEEF1 /* Base */,
			);
			name = LaunchScreen.storyboard;
			sourceTree = "<group>";
		};
/* End PBXVariantGroup section */

/* Begin XCBuildConfiguration section */
		8C5F7BCE246F149800DAEEF1 /* Debug */ = {
			isa = XCBuildConfiguration;
			buildSettings = {
				ALWAYS_SEARCH_USER_PATHS = NO;
				CLANG_ANALYZER_NONNULL = YES;
				CLANG_ANALYZER_NUMBER_OBJECT_CONVERSION = YES_AGGRESSIVE;
				CLANG_CXX_LANGUAGE_STANDARD = "gnu++14";
				CLANG_CXX_LIBRARY = "libc++";
				CLANG_ENABLE_MODULES = YES;
				CLANG_ENABLE_OBJC_ARC = YES;
				CLANG_ENABLE_OBJC_WEAK = YES;
				CLANG_WARN_BLOCK_CAPTURE_AUTORELEASING = YES;
				CLANG_WARN_BOOL_CONVERSION = YES;
				CLANG_WARN_COMMA = YES;
				CLANG_WARN_CONSTANT_CONVERSION = YES;
				CLANG_WARN_DEPRECATED_OBJC_IMPLEMENTATIONS = YES;
				CLANG_WARN_DIRECT_OBJC_ISA_USAGE = YES_ERROR;
				CLANG_WARN_DOCUMENTATION_COMMENTS = YES;
				CLANG_WARN_EMPTY_BODY = YES;
				CLANG_WARN_ENUM_CONVERSION = YES;
				CLANG_WARN_INFINITE_RECURSION = YES;
				CLANG_WARN_INT_CONVERSION = YES;
				CLANG_WARN_NON_LITERAL_NULL_CONVERSION = YES;
				CLANG_WARN_OBJC_IMPLICIT_RETAIN_SELF = YES;
				CLANG_WARN_OBJC_LITERAL_CONVERSION = YES;
				CLANG_WARN_OBJC_ROOT_CLASS = YES_ERROR;
				CLANG_WARN_RANGE_LOOP_ANALYSIS = YES;
				CLANG_WARN_STRICT_PROTOTYPES = YES;
				CLANG_WARN_SUSPICIOUS_MOVE = YES;
				CLANG_WARN_UNGUARDED_AVAILABILITY = YES_AGGRESSIVE;
				CLANG_WARN_UNREACHABLE_CODE = YES;
				CLANG_WARN__DUPLICATE_METHOD_MATCH = YES;
				COPY_PHASE_STRIP = NO;
				DEBUG_INFORMATION_FORMAT = dwarf;
				ENABLE_STRICT_OBJC_MSGSEND = YES;
				ENABLE_TESTABILITY = YES;
				GCC_C_LANGUAGE_STANDARD = gnu11;
				GCC_DYNAMIC_NO_PIC = NO;
				GCC_NO_COMMON_BLOCKS = YES;
				GCC_OPTIMIZATION_LEVEL = 0;
				GCC_PREPROCESSOR_DEFINITIONS = (
					"DEBUG=1",
					"$(inherited)",
				);
				GCC_WARN_64_TO_32_BIT_CONVERSION = YES;
				GCC_WARN_ABOUT_RETURN_TYPE = YES_ERROR;
				GCC_WARN_UNDECLARED_SELECTOR = YES;
				GCC_WARN_UNINITIALIZED_AUTOS = YES_AGGRESSIVE;
				GCC_WARN_UNUSED_FUNCTION = YES;
				GCC_WARN_UNUSED_VARIABLE = YES;
				IPHONEOS_DEPLOYMENT_TARGET = 13.1;
				MTL_ENABLE_DEBUG_INFO = INCLUDE_SOURCE;
				MTL_FAST_MATH = YES;
				ONLY_ACTIVE_ARCH = YES;
				SDKROOT = iphoneos;
				SWIFT_ACTIVE_COMPILATION_CONDITIONS = DEBUG;
				SWIFT_OPTIMIZATION_LEVEL = "-Onone";
			};
			name = Debug;
		};
		8C5F7BCF246F149800DAEEF1 /* Release */ = {
			isa = XCBuildConfiguration;
			buildSettings = {
				ALWAYS_SEARCH_USER_PATHS = NO;
				CLANG_ANALYZER_NONNULL = YES;
				CLANG_ANALYZER_NUMBER_OBJECT_CONVERSION = YES_AGGRESSIVE;
				CLANG_CXX_LANGUAGE_STANDARD = "gnu++14";
				CLANG_CXX_LIBRARY = "libc++";
				CLANG_ENABLE_MODULES = YES;
				CLANG_ENABLE_OBJC_ARC = YES;
				CLANG_ENABLE_OBJC_WEAK = YES;
				CLANG_WARN_BLOCK_CAPTURE_AUTORELEASING = YES;
				CLANG_WARN_BOOL_CONVERSION = YES;
				CLANG_WARN_COMMA = YES;
				CLANG_WARN_CONSTANT_CONVERSION = YES;
				CLANG_WARN_DEPRECATED_OBJC_IMPLEMENTATIONS = YES;
				CLANG_WARN_DIRECT_OBJC_ISA_USAGE = YES_ERROR;
				CLANG_WARN_DOCUMENTATION_COMMENTS = YES;
				CLANG_WARN_EMPTY_BODY = YES;
				CLANG_WARN_ENUM_CONVERSION = YES;
				CLANG_WARN_INFINITE_RECURSION = YES;
				CLANG_WARN_INT_CONVERSION = YES;
				CLANG_WARN_NON_LITERAL_NULL_CONVERSION = YES;
				CLANG_WARN_OBJC_IMPLICIT_RETAIN_SELF = YES;
				CLANG_WARN_OBJC_LITERAL_CONVERSION = YES;
				CLANG_WARN_OBJC_ROOT_CLASS = YES_ERROR;
				CLANG_WARN_RANGE_LOOP_ANALYSIS = YES;
				CLANG_WARN_STRICT_PROTOTYPES = YES;
				CLANG_WARN_SUSPICIOUS_MOVE = YES;
				CLANG_WARN_UNGUARDED_AVAILABILITY = YES_AGGRESSIVE;
				CLANG_WARN_UNREACHABLE_CODE = YES;
				CLANG_WARN__DUPLICATE_METHOD_MATCH = YES;
				COPY_PHASE_STRIP = NO;
				DEBUG_INFORMATION_FORMAT = "dwarf-with-dsym";
				ENABLE_NS_ASSERTIONS = NO;
				ENABLE_STRICT_OBJC_MSGSEND = YES;
				GCC_C_LANGUAGE_STANDARD = gnu11;
				GCC_NO_COMMON_BLOCKS = YES;
				GCC_WARN_64_TO_32_BIT_CONVERSION = YES;
				GCC_WARN_ABOUT_RETURN_TYPE = YES_ERROR;
				GCC_WARN_UNDECLARED_SELECTOR = YES;
				GCC_WARN_UNINITIALIZED_AUTOS = YES_AGGRESSIVE;
				GCC_WARN_UNUSED_FUNCTION = YES;
				GCC_WARN_UNUSED_VARIABLE = YES;
				IPHONEOS_DEPLOYMENT_TARGET = 13.1;
				MTL_ENABLE_DEBUG_INFO = NO;
				MTL_FAST_MATH = YES;
				SDKROOT = iphoneos;
				SWIFT_COMPILATION_MODE = wholemodule;
				SWIFT_OPTIMIZATION_LEVEL = "-O";
				VALIDATE_PRODUCT = YES;
			};
			name = Release;
		};
		8C5F7BD1246F149800DAEEF1 /* Debug */ = {
			isa = XCBuildConfiguration;
			buildSettings = {
				ASSETCATALOG_COMPILER_APPICON_NAME = AppIcon;
				CODE_SIGN_STYLE = Automatic;
				DEVELOPMENT_TEAM = 89JG34L8Z2;
				INFOPLIST_FILE = empresas/Info.plist;
				LD_RUNPATH_SEARCH_PATHS = (
					"$(inherited)",
					"@executable_path/Frameworks",
				);
				PRODUCT_BUNDLE_IDENTIFIER = com.gchaves.empresas;
				PRODUCT_NAME = "$(TARGET_NAME)";
				SWIFT_VERSION = 5.0;
				TARGETED_DEVICE_FAMILY = "1,2";
			};
			name = Debug;
		};
		8C5F7BD2246F149800DAEEF1 /* Release */ = {
			isa = XCBuildConfiguration;
			buildSettings = {
				ASSETCATALOG_COMPILER_APPICON_NAME = AppIcon;
				CODE_SIGN_STYLE = Automatic;
				DEVELOPMENT_TEAM = 89JG34L8Z2;
				INFOPLIST_FILE = empresas/Info.plist;
				LD_RUNPATH_SEARCH_PATHS = (
					"$(inherited)",
					"@executable_path/Frameworks",
				);
				PRODUCT_BUNDLE_IDENTIFIER = com.gchaves.empresas;
				PRODUCT_NAME = "$(TARGET_NAME)";
				SWIFT_VERSION = 5.0;
				TARGETED_DEVICE_FAMILY = "1,2";
			};
			name = Release;
		};
/* End XCBuildConfiguration section */

/* Begin XCConfigurationList section */
		8C5F7BB7246F149300DAEEF1 /* Build configuration list for PBXProject "empresas" */ = {
			isa = XCConfigurationList;
			buildConfigurations = (
				8C5F7BCE246F149800DAEEF1 /* Debug */,
				8C5F7BCF246F149800DAEEF1 /* Release */,
			);
			defaultConfigurationIsVisible = 0;
			defaultConfigurationName = Release;
		};
		8C5F7BD0246F149800DAEEF1 /* Build configuration list for PBXNativeTarget "empresas" */ = {
			isa = XCConfigurationList;
			buildConfigurations = (
				8C5F7BD1246F149800DAEEF1 /* Debug */,
				8C5F7BD2246F149800DAEEF1 /* Release */,
			);
			defaultConfigurationIsVisible = 0;
			defaultConfigurationName = Release;
		};
/* End XCConfigurationList section */
	};
	rootObject = 8C5F7BB4246F149300DAEEF1 /* Project object */;
}
